
Microsoft Visual Studio Solution File, Format Version 12.00
# Visual Studio Version 17
VisualStudioVersion = 17.8.34511.84
MinimumVisualStudioVersion = 10.0.40219.1
Project("{9A19103F-16F7-4668-BE54-9A1E7A4F7556}") = "CompanyEmployees", "CompanyEmployees\CompanyEmployees.csproj", "{5FE95C11-E560-4885-81C9-847DB804E25C}"
EndProject
Project("{9A19103F-16F7-4668-BE54-9A1E7A4F7556}") = "Contract", "Contract\Contract.csproj", "{D53756BA-2DB0-4AE5-9BAB-FE605F9C3231}"
EndProject
Project("{9A19103F-16F7-4668-BE54-9A1E7A4F7556}") = "LoggerService", "LoggerService\LoggerService.csproj", "{087CA16B-78AE-402D-AA19-D4B9176234C6}"
EndProject
Project("{9A19103F-16F7-4668-BE54-9A1E7A4F7556}") = "Entities", "Entities\Entities.csproj", "{CCFF6424-D2EE-4554-A8FD-8EFF15A7EFF4}"
EndProject
Project("{9A19103F-16F7-4668-BE54-9A1E7A4F7556}") = "Repositories", "Repositories\Repositories.csproj", "{0744CDBD-95FB-4A56-84BB-9FC4AAF2E8D2}"
EndProject
Project("{9A19103F-16F7-4668-BE54-9A1E7A4F7556}") = "Service.Contract", "Service.Contract\Service.Contract.csproj", "{5331A991-E11C-4AFC-8828-45EA02B65688}"
EndProject
Project("{9A19103F-16F7-4668-BE54-9A1E7A4F7556}") = "Service", "Service\Service.csproj", "{269190DC-5BC3-4D93-9633-0178C7B5BB53}"
EndProject
Project("{9A19103F-16F7-4668-BE54-9A1E7A4F7556}") = "Presentation", "Presentation\Presentation.csproj", "{546A60FA-5E9A-4755-8ACF-7FB08845038F}"
EndProject
Project("{9A19103F-16F7-4668-BE54-9A1E7A4F7556}") = "Shared", "Shared\Shared.csproj", "{4441579F-2596-4971-B1A1-90084D7FC7D3}"
EndProject
Global
	GlobalSection(SolutionConfigurationPlatforms) = preSolution
		Debug|Any CPU = Debug|Any CPU
		Release|Any CPU = Release|Any CPU
	EndGlobalSection
	GlobalSection(ProjectConfigurationPlatforms) = postSolution
		{5FE95C11-E560-4885-81C9-847DB804E25C}.Debug|Any CPU.ActiveCfg = Debug|Any CPU
		{5FE95C11-E560-4885-81C9-847DB804E25C}.Debug|Any CPU.Build.0 = Debug|Any CPU
		{5FE95C11-E560-4885-81C9-847DB804E25C}.Release|Any CPU.ActiveCfg = Release|Any CPU
		{5FE95C11-E560-4885-81C9-847DB804E25C}.Release|Any CPU.Build.0 = Release|Any CPU
		{D53756BA-2DB0-4AE5-9BAB-FE605F9C3231}.Debug|Any CPU.ActiveCfg = Debug|Any CPU
		{D53756BA-2DB0-4AE5-9BAB-FE605F9C3231}.Debug|Any CPU.Build.0 = Debug|Any CPU
		{D53756BA-2DB0-4AE5-9BAB-FE605F9C3231}.Release|Any CPU.ActiveCfg = Release|Any CPU
		{D53756BA-2DB0-4AE5-9BAB-FE605F9C3231}.Release|Any CPU.Build.0 = Release|Any CPU
		{087CA16B-78AE-402D-AA19-D4B9176234C6}.Debug|Any CPU.ActiveCfg = Debug|Any CPU
		{087CA16B-78AE-402D-AA19-D4B9176234C6}.Debug|Any CPU.Build.0 = Debug|Any CPU
		{087CA16B-78AE-402D-AA19-D4B9176234C6}.Release|Any CPU.ActiveCfg = Release|Any CPU
		{087CA16B-78AE-402D-AA19-D4B9176234C6}.Release|Any CPU.Build.0 = Release|Any CPU
		{CCFF6424-D2EE-4554-A8FD-8EFF15A7EFF4}.Debug|Any CPU.ActiveCfg = Debug|Any CPU
		{CCFF6424-D2EE-4554-A8FD-8EFF15A7EFF4}.Debug|Any CPU.Build.0 = Debug|Any CPU
		{CCFF6424-D2EE-4554-A8FD-8EFF15A7EFF4}.Release|Any CPU.ActiveCfg = Release|Any CPU
		{CCFF6424-D2EE-4554-A8FD-8EFF15A7EFF4}.Release|Any CPU.Build.0 = Release|Any CPU
		{0744CDBD-95FB-4A56-84BB-9FC4AAF2E8D2}.Debug|Any CPU.ActiveCfg = Debug|Any CPU
		{0744CDBD-95FB-4A56-84BB-9FC4AAF2E8D2}.Debug|Any CPU.Build.0 = Debug|Any CPU
		{0744CDBD-95FB-4A56-84BB-9FC4AAF2E8D2}.Release|Any CPU.ActiveCfg = Release|Any CPU
		{0744CDBD-95FB-4A56-84BB-9FC4AAF2E8D2}.Release|Any CPU.Build.0 = Release|Any CPU
		{5331A991-E11C-4AFC-8828-45EA02B65688}.Debug|Any CPU.ActiveCfg = Debug|Any CPU
		{5331A991-E11C-4AFC-8828-45EA02B65688}.Debug|Any CPU.Build.0 = Debug|Any CPU
		{5331A991-E11C-4AFC-8828-45EA02B65688}.Release|Any CPU.ActiveCfg = Release|Any CPU
		{5331A991-E11C-4AFC-8828-45EA02B65688}.Release|Any CPU.Build.0 = Release|Any CPU
		{269190DC-5BC3-4D93-9633-0178C7B5BB53}.Debug|Any CPU.ActiveCfg = Debug|Any CPU
		{269190DC-5BC3-4D93-9633-0178C7B5BB53}.Debug|Any CPU.Build.0 = Debug|Any CPU
		{269190DC-5BC3-4D93-9633-0178C7B5BB53}.Release|Any CPU.ActiveCfg = Release|Any CPU
		{269190DC-5BC3-4D93-9633-0178C7B5BB53}.Release|Any CPU.Build.0 = Release|Any CPU
		{546A60FA-5E9A-4755-8ACF-7FB08845038F}.Debug|Any CPU.ActiveCfg = Debug|Any CPU
		{546A60FA-5E9A-4755-8ACF-7FB08845038F}.Debug|Any CPU.Build.0 = Debug|Any CPU
		{546A60FA-5E9A-4755-8ACF-7FB08845038F}.Release|Any CPU.ActiveCfg = Release|Any CPU
		{546A60FA-5E9A-4755-8ACF-7FB08845038F}.Release|Any CPU.Build.0 = Release|Any CPU
		{4441579F-2596-4971-B1A1-90084D7FC7D3}.Debug|Any CPU.ActiveCfg = Debug|Any CPU
		{4441579F-2596-4971-B1A1-90084D7FC7D3}.Debug|Any CPU.Build.0 = Debug|Any CPU
		{4441579F-2596-4971-B1A1-90084D7FC7D3}.Release|Any CPU.ActiveCfg = Release|Any CPU
		{4441579F-2596-4971-B1A1-90084D7FC7D3}.Release|Any CPU.Build.0 = Release|Any CPU
	EndGlobalSection
	GlobalSection(SolutionProperties) = preSolution
		HideSolutionNode = FALSE
	EndGlobalSection
	GlobalSection(ExtensibilityGlobals) = postSolution
		SolutionGuid = {9F2C3AC6-78A7-4F44-8362-FC0B584CD651}
	EndGlobalSection
EndGlobal
