
Microsoft Visual Studio Solution File, Format Version 12.00
# Visual Studio Version 17
VisualStudioVersion = 17.8.34511.84
MinimumVisualStudioVersion = 10.0.40219.1
Project("{FAE04EC0-301F-11D3-BF4B-00C04F79EFBC}") = "CompanyEmployees", "CompanyEmployees\CompanyEmployees.csproj", "{5FE95C11-E560-4885-81C9-847DB804E25C}"
EndProject
Project("{FAE04EC0-301F-11D3-BF4B-00C04F79EFBC}") = "Contract", "Contract\Contract.csproj", "{D53756BA-2DB0-4AE5-9BAB-FE605F9C3231}"
EndProject
Project("{FAE04EC0-301F-11D3-BF4B-00C04F79EFBC}") = "LoggerService", "LoggerService\LoggerService.csproj", "{087CA16B-78AE-402D-AA19-D4B9176234C6}"
EndProject
Global
	GlobalSection(SolutionConfigurationPlatforms) = preSolution
		Debug|Any CPU = Debug|Any CPU
		Release|Any CPU = Release|Any CPU
	EndGlobalSection
	GlobalSection(ProjectConfigurationPlatforms) = postSolution
		{5FE95C11-E560-4885-81C9-847DB804E25C}.Debug|Any CPU.ActiveCfg = Debug|Any CPU
		{5FE95C11-E560-4885-81C9-847DB804E25C}.Debug|Any CPU.Build.0 = Debug|Any CPU
		{5FE95C11-E560-4885-81C9-847DB804E25C}.Release|Any CPU.ActiveCfg = Release|Any CPU
		{5FE95C11-E560-4885-81C9-847DB804E25C}.Release|Any CPU.Build.0 = Release|Any CPU
		{D53756BA-2DB0-4AE5-9BAB-FE605F9C3231}.Debug|Any CPU.ActiveCfg = Debug|Any CPU
		{D53756BA-2DB0-4AE5-9BAB-FE605F9C3231}.Debug|Any CPU.Build.0 = Debug|Any CPU
		{D53756BA-2DB0-4AE5-9BAB-FE605F9C3231}.Release|Any CPU.ActiveCfg = Release|Any CPU
		{D53756BA-2DB0-4AE5-9BAB-FE605F9C3231}.Release|Any CPU.Build.0 = Release|Any CPU
		{087CA16B-78AE-402D-AA19-D4B9176234C6}.Debug|Any CPU.ActiveCfg = Debug|Any CPU
		{087CA16B-78AE-402D-AA19-D4B9176234C6}.Debug|Any CPU.Build.0 = Debug|Any CPU
		{087CA16B-78AE-402D-AA19-D4B9176234C6}.Release|Any CPU.ActiveCfg = Release|Any CPU
		{087CA16B-78AE-402D-AA19-D4B9176234C6}.Release|Any CPU.Build.0 = Release|Any CPU
	EndGlobalSection
	GlobalSection(SolutionProperties) = preSolution
		HideSolutionNode = FALSE
	EndGlobalSection
	GlobalSection(ExtensibilityGlobals) = postSolution
		SolutionGuid = {9F2C3AC6-78A7-4F44-8362-FC0B584CD651}
	EndGlobalSection
EndGlobal
